
Microsoft Visual Studio Solution File, Format Version 12.00
# Visual Studio Version 17
VisualStudioVersion = 17.2.32616.157
MinimumVisualStudioVersion = 10.0.40219.1
Project("{FAE04EC0-301F-11D3-BF4B-00C04F79EFBC}") = "dentro_fora", "dentro_fora\dentro_fora.csproj", "{81DEB4CC-E08A-4C6A-A9FC-8EA786FE7826}"
EndProject
Global
	GlobalSection(SolutionConfigurationPlatforms) = preSolution
		Debug|Any CPU = Debug|Any CPU
		Release|Any CPU = Release|Any CPU
	EndGlobalSection
	GlobalSection(ProjectConfigurationPlatforms) = postSolution
		{81DEB4CC-E08A-4C6A-A9FC-8EA786FE7826}.Debug|Any CPU.ActiveCfg = Debug|Any CPU
		{81DEB4CC-E08A-4C6A-A9FC-8EA786FE7826}.Debug|Any CPU.Build.0 = Debug|Any CPU
		{81DEB4CC-E08A-4C6A-A9FC-8EA786FE7826}.Release|Any CPU.ActiveCfg = Release|Any CPU
		{81DEB4CC-E08A-4C6A-A9FC-8EA786FE7826}.Release|Any CPU.Build.0 = Release|Any CPU
	EndGlobalSection
	GlobalSection(SolutionProperties) = preSolution
		HideSolutionNode = FALSE
	EndGlobalSection
	GlobalSection(ExtensibilityGlobals) = postSolution
		SolutionGuid = {37836654-E6B7-436D-806F-18CEC838D9E9}
	EndGlobalSection
EndGlobal
