
Microsoft Visual Studio Solution File, Format Version 12.00
# Visual Studio Version 17
VisualStudioVersion = 17.2.32616.157
MinimumVisualStudioVersion = 10.0.40219.1
Project("{FAE04EC0-301F-11D3-BF4B-00C04F79EFBC}") = "0 - primeiro projeto", "0 - primeiro projeto\0 - primeiro projeto.csproj", "{07039F61-DB2F-4BC7-B93C-35C1C0A572BE}"
EndProject
Global
	GlobalSection(SolutionConfigurationPlatforms) = preSolution
		Debug|Any CPU = Debug|Any CPU
		Release|Any CPU = Release|Any CPU
	EndGlobalSection
	GlobalSection(ProjectConfigurationPlatforms) = postSolution
		{07039F61-DB2F-4BC7-B93C-35C1C0A572BE}.Debug|Any CPU.ActiveCfg = Debug|Any CPU
		{07039F61-DB2F-4BC7-B93C-35C1C0A572BE}.Debug|Any CPU.Build.0 = Debug|Any CPU
		{07039F61-DB2F-4BC7-B93C-35C1C0A572BE}.Release|Any CPU.ActiveCfg = Release|Any CPU
		{07039F61-DB2F-4BC7-B93C-35C1C0A572BE}.Release|Any CPU.Build.0 = Release|Any CPU
	EndGlobalSection
	GlobalSection(SolutionProperties) = preSolution
		HideSolutionNode = FALSE
	EndGlobalSection
	GlobalSection(ExtensibilityGlobals) = postSolution
		SolutionGuid = {F13963C8-F4B2-4DD3-B181-FB3825275069}
	EndGlobalSection
EndGlobal
