
Microsoft Visual Studio Solution File, Format Version 12.00
# Visual Studio Version 17
VisualStudioVersion = 17.2.32616.157
MinimumVisualStudioVersion = 10.0.40219.1
Project("{FAE04EC0-301F-11D3-BF4B-00C04F79EFBC}") = "retangulo", "retangulo\retangulo.csproj", "{A430BE2F-D324-41A9-9938-0E854BB0564D}"
EndProject
Global
	GlobalSection(SolutionConfigurationPlatforms) = preSolution
		Debug|Any CPU = Debug|Any CPU
		Release|Any CPU = Release|Any CPU
	EndGlobalSection
	GlobalSection(ProjectConfigurationPlatforms) = postSolution
		{A430BE2F-D324-41A9-9938-0E854BB0564D}.Debug|Any CPU.ActiveCfg = Debug|Any CPU
		{A430BE2F-D324-41A9-9938-0E854BB0564D}.Debug|Any CPU.Build.0 = Debug|Any CPU
		{A430BE2F-D324-41A9-9938-0E854BB0564D}.Release|Any CPU.ActiveCfg = Release|Any CPU
		{A430BE2F-D324-41A9-9938-0E854BB0564D}.Release|Any CPU.Build.0 = Release|Any CPU
	EndGlobalSection
	GlobalSection(SolutionProperties) = preSolution
		HideSolutionNode = FALSE
	EndGlobalSection
	GlobalSection(ExtensibilityGlobals) = postSolution
		SolutionGuid = {74C6A9F6-A405-45EA-8EC1-AA5A80ED9B78}
	EndGlobalSection
EndGlobal
