
Microsoft Visual Studio Solution File, Format Version 12.00
# Visual Studio Version 17
VisualStudioVersion = 17.2.32616.157
MinimumVisualStudioVersion = 10.0.40219.1
Project("{FAE04EC0-301F-11D3-BF4B-00C04F79EFBC}") = "mais_velho", "mais_velho\mais_velho.csproj", "{E808CCE1-A9CB-40CA-A212-8128683D84A6}"
EndProject
Global
	GlobalSection(SolutionConfigurationPlatforms) = preSolution
		Debug|Any CPU = Debug|Any CPU
		Release|Any CPU = Release|Any CPU
	EndGlobalSection
	GlobalSection(ProjectConfigurationPlatforms) = postSolution
		{E808CCE1-A9CB-40CA-A212-8128683D84A6}.Debug|Any CPU.ActiveCfg = Debug|Any CPU
		{E808CCE1-A9CB-40CA-A212-8128683D84A6}.Debug|Any CPU.Build.0 = Debug|Any CPU
		{E808CCE1-A9CB-40CA-A212-8128683D84A6}.Release|Any CPU.ActiveCfg = Release|Any CPU
		{E808CCE1-A9CB-40CA-A212-8128683D84A6}.Release|Any CPU.Build.0 = Release|Any CPU
	EndGlobalSection
	GlobalSection(SolutionProperties) = preSolution
		HideSolutionNode = FALSE
	EndGlobalSection
	GlobalSection(ExtensibilityGlobals) = postSolution
		SolutionGuid = {DD2EE99E-6F2C-4922-A180-C7E29B3032EC}
	EndGlobalSection
EndGlobal
