
Microsoft Visual Studio Solution File, Format Version 12.00
# Visual Studio Version 17
VisualStudioVersion = 17.2.32616.157
MinimumVisualStudioVersion = 10.0.40219.1
Project("{FAE04EC0-301F-11D3-BF4B-00C04F79EFBC}") = "crescente", "crescente\crescente.csproj", "{34CB4630-3ABC-40E3-B9AA-ABA344703DB2}"
EndProject
Global
	GlobalSection(SolutionConfigurationPlatforms) = preSolution
		Debug|Any CPU = Debug|Any CPU
		Release|Any CPU = Release|Any CPU
	EndGlobalSection
	GlobalSection(ProjectConfigurationPlatforms) = postSolution
		{34CB4630-3ABC-40E3-B9AA-ABA344703DB2}.Debug|Any CPU.ActiveCfg = Debug|Any CPU
		{34CB4630-3ABC-40E3-B9AA-ABA344703DB2}.Debug|Any CPU.Build.0 = Debug|Any CPU
		{34CB4630-3ABC-40E3-B9AA-ABA344703DB2}.Release|Any CPU.ActiveCfg = Release|Any CPU
		{34CB4630-3ABC-40E3-B9AA-ABA344703DB2}.Release|Any CPU.Build.0 = Release|Any CPU
	EndGlobalSection
	GlobalSection(SolutionProperties) = preSolution
		HideSolutionNode = FALSE
	EndGlobalSection
	GlobalSection(ExtensibilityGlobals) = postSolution
		SolutionGuid = {5B2FA5FF-449B-4D5F-A0E0-3FB83D3E4A87}
	EndGlobalSection
EndGlobal
