
Microsoft Visual Studio Solution File, Format Version 12.00
# Visual Studio Version 17
VisualStudioVersion = 17.2.32616.157
MinimumVisualStudioVersion = 10.0.40219.1
Project("{FAE04EC0-301F-11D3-BF4B-00C04F79EFBC}") = "exercicio", "exercicio\exercicio.csproj", "{61572356-CC95-41D9-887D-C44F3C6110B8}"
EndProject
Global
	GlobalSection(SolutionConfigurationPlatforms) = preSolution
		Debug|Any CPU = Debug|Any CPU
		Release|Any CPU = Release|Any CPU
	EndGlobalSection
	GlobalSection(ProjectConfigurationPlatforms) = postSolution
		{61572356-CC95-41D9-887D-C44F3C6110B8}.Debug|Any CPU.ActiveCfg = Debug|Any CPU
		{61572356-CC95-41D9-887D-C44F3C6110B8}.Debug|Any CPU.Build.0 = Debug|Any CPU
		{61572356-CC95-41D9-887D-C44F3C6110B8}.Release|Any CPU.ActiveCfg = Release|Any CPU
		{61572356-CC95-41D9-887D-C44F3C6110B8}.Release|Any CPU.Build.0 = Release|Any CPU
	EndGlobalSection
	GlobalSection(SolutionProperties) = preSolution
		HideSolutionNode = FALSE
	EndGlobalSection
	GlobalSection(ExtensibilityGlobals) = postSolution
		SolutionGuid = {592D6288-2566-4D0A-91F8-5B4C3CA1C5D8}
	EndGlobalSection
EndGlobal
