
Microsoft Visual Studio Solution File, Format Version 12.00
# Visual Studio Version 17
VisualStudioVersion = 17.2.32616.157
MinimumVisualStudioVersion = 10.0.40219.1
Project("{FAE04EC0-301F-11D3-BF4B-00C04F79EFBC}") = "media_ponderada", "media_ponderada\media_ponderada.csproj", "{35A82D1C-704B-4B69-BCDD-91F6F4DBDFF5}"
EndProject
Global
	GlobalSection(SolutionConfigurationPlatforms) = preSolution
		Debug|Any CPU = Debug|Any CPU
		Release|Any CPU = Release|Any CPU
	EndGlobalSection
	GlobalSection(ProjectConfigurationPlatforms) = postSolution
		{35A82D1C-704B-4B69-BCDD-91F6F4DBDFF5}.Debug|Any CPU.ActiveCfg = Debug|Any CPU
		{35A82D1C-704B-4B69-BCDD-91F6F4DBDFF5}.Debug|Any CPU.Build.0 = Debug|Any CPU
		{35A82D1C-704B-4B69-BCDD-91F6F4DBDFF5}.Release|Any CPU.ActiveCfg = Release|Any CPU
		{35A82D1C-704B-4B69-BCDD-91F6F4DBDFF5}.Release|Any CPU.Build.0 = Release|Any CPU
	EndGlobalSection
	GlobalSection(SolutionProperties) = preSolution
		HideSolutionNode = FALSE
	EndGlobalSection
	GlobalSection(ExtensibilityGlobals) = postSolution
		SolutionGuid = {76FF2F17-D695-49A5-B501-42EF96187922}
	EndGlobalSection
EndGlobal
