
Microsoft Visual Studio Solution File, Format Version 12.00
# Visual Studio Version 17
VisualStudioVersion = 17.2.32616.157
MinimumVisualStudioVersion = 10.0.40219.1
Project("{FAE04EC0-301F-11D3-BF4B-00C04F79EFBC}") = "soma", "soma\soma.csproj", "{8F3C0EF0-A089-42EE-AD43-A5302381BDBC}"
EndProject
Global
	GlobalSection(SolutionConfigurationPlatforms) = preSolution
		Debug|Any CPU = Debug|Any CPU
		Release|Any CPU = Release|Any CPU
	EndGlobalSection
	GlobalSection(ProjectConfigurationPlatforms) = postSolution
		{8F3C0EF0-A089-42EE-AD43-A5302381BDBC}.Debug|Any CPU.ActiveCfg = Debug|Any CPU
		{8F3C0EF0-A089-42EE-AD43-A5302381BDBC}.Debug|Any CPU.Build.0 = Debug|Any CPU
		{8F3C0EF0-A089-42EE-AD43-A5302381BDBC}.Release|Any CPU.ActiveCfg = Release|Any CPU
		{8F3C0EF0-A089-42EE-AD43-A5302381BDBC}.Release|Any CPU.Build.0 = Release|Any CPU
	EndGlobalSection
	GlobalSection(SolutionProperties) = preSolution
		HideSolutionNode = FALSE
	EndGlobalSection
	GlobalSection(ExtensibilityGlobals) = postSolution
		SolutionGuid = {05B39A15-B018-4FBA-95C9-E1AC1663DBF5}
	EndGlobalSection
EndGlobal
