
Microsoft Visual Studio Solution File, Format Version 12.00
# Visual Studio Version 17
VisualStudioVersion = 17.2.32616.157
MinimumVisualStudioVersion = 10.0.40219.1
Project("{FAE04EC0-301F-11D3-BF4B-00C04F79EFBC}") = "circulo", "circulo\circulo.csproj", "{2B8D1362-D3F4-494D-9073-26F665CAE046}"
EndProject
Global
	GlobalSection(SolutionConfigurationPlatforms) = preSolution
		Debug|Any CPU = Debug|Any CPU
		Release|Any CPU = Release|Any CPU
	EndGlobalSection
	GlobalSection(ProjectConfigurationPlatforms) = postSolution
		{2B8D1362-D3F4-494D-9073-26F665CAE046}.Debug|Any CPU.ActiveCfg = Debug|Any CPU
		{2B8D1362-D3F4-494D-9073-26F665CAE046}.Debug|Any CPU.Build.0 = Debug|Any CPU
		{2B8D1362-D3F4-494D-9073-26F665CAE046}.Release|Any CPU.ActiveCfg = Release|Any CPU
		{2B8D1362-D3F4-494D-9073-26F665CAE046}.Release|Any CPU.Build.0 = Release|Any CPU
	EndGlobalSection
	GlobalSection(SolutionProperties) = preSolution
		HideSolutionNode = FALSE
	EndGlobalSection
	GlobalSection(ExtensibilityGlobals) = postSolution
		SolutionGuid = {E3497A61-E8E6-48BB-A9CD-C07BDDDD284A}
	EndGlobalSection
EndGlobal
