
Microsoft Visual Studio Solution File, Format Version 12.00
# Visual Studio Version 17
VisualStudioVersion = 17.2.32616.157
MinimumVisualStudioVersion = 10.0.40219.1
Project("{FAE04EC0-301F-11D3-BF4B-00C04F79EFBC}") = "divisao", "divisao\divisao.csproj", "{B241016B-2280-499B-8E08-52B42090BB24}"
EndProject
Global
	GlobalSection(SolutionConfigurationPlatforms) = preSolution
		Debug|Any CPU = Debug|Any CPU
		Release|Any CPU = Release|Any CPU
	EndGlobalSection
	GlobalSection(ProjectConfigurationPlatforms) = postSolution
		{B241016B-2280-499B-8E08-52B42090BB24}.Debug|Any CPU.ActiveCfg = Debug|Any CPU
		{B241016B-2280-499B-8E08-52B42090BB24}.Debug|Any CPU.Build.0 = Debug|Any CPU
		{B241016B-2280-499B-8E08-52B42090BB24}.Release|Any CPU.ActiveCfg = Release|Any CPU
		{B241016B-2280-499B-8E08-52B42090BB24}.Release|Any CPU.Build.0 = Release|Any CPU
	EndGlobalSection
	GlobalSection(SolutionProperties) = preSolution
		HideSolutionNode = FALSE
	EndGlobalSection
	GlobalSection(ExtensibilityGlobals) = postSolution
		SolutionGuid = {01E3E6AD-18FA-422D-A518-7BCF5DA9341A}
	EndGlobalSection
EndGlobal
