
Microsoft Visual Studio Solution File, Format Version 12.00
# Visual Studio Version 17
VisualStudioVersion = 17.2.32616.157
MinimumVisualStudioVersion = 10.0.40219.1
Project("{FAE04EC0-301F-11D3-BF4B-00C04F79EFBC}") = "quadrante", "quadrante\quadrante.csproj", "{04D4FDCB-F0CE-4DFB-AC77-55F02E4A6BDF}"
EndProject
Global
	GlobalSection(SolutionConfigurationPlatforms) = preSolution
		Debug|Any CPU = Debug|Any CPU
		Release|Any CPU = Release|Any CPU
	EndGlobalSection
	GlobalSection(ProjectConfigurationPlatforms) = postSolution
		{04D4FDCB-F0CE-4DFB-AC77-55F02E4A6BDF}.Debug|Any CPU.ActiveCfg = Debug|Any CPU
		{04D4FDCB-F0CE-4DFB-AC77-55F02E4A6BDF}.Debug|Any CPU.Build.0 = Debug|Any CPU
		{04D4FDCB-F0CE-4DFB-AC77-55F02E4A6BDF}.Release|Any CPU.ActiveCfg = Release|Any CPU
		{04D4FDCB-F0CE-4DFB-AC77-55F02E4A6BDF}.Release|Any CPU.Build.0 = Release|Any CPU
	EndGlobalSection
	GlobalSection(SolutionProperties) = preSolution
		HideSolutionNode = FALSE
	EndGlobalSection
	GlobalSection(ExtensibilityGlobals) = postSolution
		SolutionGuid = {C989290D-0F8A-43EB-9007-6CAC85E8A4B8}
	EndGlobalSection
EndGlobal
